
Microsoft Visual Studio Solution File, Format Version 12.00
# Visual Studio 15
VisualStudioVersion = 15.0.28307.1259
MinimumVisualStudioVersion = 10.0.40219.1
Project("{8BC9CEB8-8B4A-11D0-8D11-00A0C91BC942}") = "hw3", "hw3\hw3.vcxproj", "{46B8D797-899F-4BB1-9EB6-BE6612D819CF}"
EndProject
Global
	GlobalSection(SolutionConfigurationPlatforms) = preSolution
		Debug|x64 = Debug|x64
		Debug|x86 = Debug|x86
		Release|x64 = Release|x64
		Release|x86 = Release|x86
	EndGlobalSection
	GlobalSection(ProjectConfigurationPlatforms) = postSolution
		{46B8D797-899F-4BB1-9EB6-BE6612D819CF}.Debug|x64.ActiveCfg = Debug|x64
		{46B8D797-899F-4BB1-9EB6-BE6612D819CF}.Debug|x64.Build.0 = Debug|x64
		{46B8D797-899F-4BB1-9EB6-BE6612D819CF}.Debug|x86.ActiveCfg = Debug|Win32
		{46B8D797-899F-4BB1-9EB6-BE6612D819CF}.Debug|x86.Build.0 = Debug|Win32
		{46B8D797-899F-4BB1-9EB6-BE6612D819CF}.Release|x64.ActiveCfg = Release|x64
		{46B8D797-899F-4BB1-9EB6-BE6612D819CF}.Release|x64.Build.0 = Release|x64
		{46B8D797-899F-4BB1-9EB6-BE6612D819CF}.Release|x86.ActiveCfg = Release|Win32
		{46B8D797-899F-4BB1-9EB6-BE6612D819CF}.Release|x86.Build.0 = Release|Win32
	EndGlobalSection
	GlobalSection(SolutionProperties) = preSolution
		HideSolutionNode = FALSE
	EndGlobalSection
	GlobalSection(ExtensibilityGlobals) = postSolution
		SolutionGuid = {05F4375A-59E1-4350-8D27-EEA3B8BA67B1}
	EndGlobalSection
EndGlobal
